{
  "name": "u-llm-server",
  "version": "1.4.6",
  "lockfileVersion": 3,
  "requires": true,
  "packages": {
    "": {
      "name": "u-llm-server",
      "version": "1.4.6",
      "license": "ISC",
      "dependencies": {
        "@huggingface/jinja": "^0.5.9",
        "commander": "^15.0.0",
        "confbox": "^0.2.4",
        "fs-extra": "^11.3.6",
        "koffi": "^3.1.0",
        "sprintf-js": "^1.1.3",
        "tmp": "^0.2.7",
        "yurandom": "^1.0.0",
        "zod": "^4.4.3"
      },
      "devDependencies": {
        "@types/fs-extra": "^11.0.4",
        "@types/node": "^26.0.1",
        "@types/sprintf-js": "^1.1.4",
        "@types/tmp": "^0.2.6",
        "typescript": "^6.0.3"
      }
    },
    "node_modules/@huggingface/jinja": {
      "version": "0.5.9",
      "resolved": "https://registry.npmjs.org/@huggingface/jinja/-/jinja-0.5.9.tgz",
      "integrity": "sha512-uWTG+l3VJRsl7EXxYizuL3P+cCPoc3cRqbWWRcQN0FhejRfbdq0RNhCmbY/YDtnTcz9icdLYuLDjsnz4d8JMuw==",
      "license": "MIT",
      "engines": {
        "node": ">=18"
      }
    },
    "node_modules/@koromix/koffi-darwin-arm64": {
      "version": "3.1.0",
      "resolved": "https://registry.npmjs.org/@koromix/koffi-darwin-arm64/-/koffi-darwin-arm64-3.1.0.tgz",
      "integrity": "sha512-VEt5r3fXTfbejr83PnuOP0H7s9Zmazcs+lofu96DOcRkistlMsn59wYyWiKpyAjs9PCgm0Ykh62ChZ3CGMmIOg==",
      "cpu": [
        "arm64"
      ],
      "license": "MIT",
      "optional": true,
      "os": [
        "darwin"
      ],
      "funding": {
        "url": "https://liberapay.com/Koromix"
      }
    },
    "node_modules/@koromix/koffi-darwin-x64": {
      "version": "3.1.0",
      "resolved": "https://registry.npmjs.org/@koromix/koffi-darwin-x64/-/koffi-darwin-x64-3.1.0.tgz",
      "integrity": "sha512-n/tVRB9xIzdXT5H3zZt8ueThgWTSDL+yU7PWnU8wbZPBSawP/otx3swQyd6nMOqj1bmHgSHopiKSBXRS9pllmg==",
      "cpu": [
        "x64"
      ],
      "license": "MIT",
      "optional": true,
      "os": [
        "darwin"
      ],
      "funding": {
        "url": "https://liberapay.com/Koromix"
      }
    },
    "node_modules/@koromix/koffi-freebsd-arm64": {
      "version": "3.1.0",
      "resolved": "https://registry.npmjs.org/@koromix/koffi-freebsd-arm64/-/koffi-freebsd-arm64-3.1.0.tgz",
      "integrity": "sha512-vazoPYIhOAlXZksVIqDRMIID4VeUZKx8F3dR90hOobT2ATyOkqNS5dv5UCV7Q7DSq22lQTrdbvENBAhROzCp0w==",
      "cpu": [
        "arm64"
      ],
      "license": "MIT",
      "optional": true,
      "os": [
        "freebsd"
      ],
      "funding": {
        "url": "https://liberapay.com/Koromix"
      }
    },
    "node_modules/@koromix/koffi-freebsd-ia32": {
      "version": "3.1.0",
      "resolved": "https://registry.npmjs.org/@koromix/koffi-freebsd-ia32/-/koffi-freebsd-ia32-3.1.0.tgz",
      "integrity": "sha512-Vm7Uc97ru6RTSVmae2zCZZQeaizqVZ8WoU4+gG4H03Qe+WOj7kbKt/MxT7VBzdbPYIU5ZJeG/ZED1YlZyab6eQ==",
      "cpu": [
        "ia32"
      ],
      "license": "MIT",
      "optional": true,
      "os": [
        "freebsd"
      ],
      "funding": {
        "url": "https://liberapay.com/Koromix"
      }
    },
    "node_modules/@koromix/koffi-freebsd-x64": {
      "version": "3.1.0",
      "resolved": "https://registry.npmjs.org/@koromix/koffi-freebsd-x64/-/koffi-freebsd-x64-3.1.0.tgz",
      "integrity": "sha512-N+VuVWjoiYPy1Go5mRadZ3B6RM5Qz+eCLhj2LXrMlefbUJ+O4gg7teCUGvPGfBEHDgmSN4yYUrfQmdJC10vOYw==",
      "cpu": [
        "x64"
      ],
      "license": "MIT",
      "optional": true,
      "os": [
        "freebsd"
      ],
      "funding": {
        "url": "https://liberapay.com/Koromix"
      }
    },
    "node_modules/@koromix/koffi-linux-arm64": {
      "version": "3.1.0",
      "resolved": "https://registry.npmjs.org/@koromix/koffi-linux-arm64/-/koffi-linux-arm64-3.1.0.tgz",
      "integrity": "sha512-Wx5iOkeALe2ympLdiYwRpIg5qUkyQIv8N2foZ9rRker0uE7ZtXew2RRkbEgMir4b0yDYR1zyXd6B62GUzLtZ/g==",
      "cpu": [
        "arm64"
      ],
      "license": "MIT",
      "optional": true,
      "os": [
        "linux"
      ],
      "funding": {
        "url": "https://liberapay.com/Koromix"
      }
    },
    "node_modules/@koromix/koffi-linux-ia32": {
      "version": "3.1.0",
      "resolved": "https://registry.npmjs.org/@koromix/koffi-linux-ia32/-/koffi-linux-ia32-3.1.0.tgz",
      "integrity": "sha512-1DjYm1QehXU0dgn0uE+FGYOb3Of7GiTMqLS+ZI2gbl1b+h76sz4LRBvDVrQyAmSMVVU8/7696S21YgE/iBhBVg==",
      "cpu": [
        "ia32"
      ],
      "license": "MIT",
      "optional": true,
      "os": [
        "linux"
      ],
      "funding": {
        "url": "https://liberapay.com/Koromix"
      }
    },
    "node_modules/@koromix/koffi-linux-loong64": {
      "version": "3.1.0",
      "resolved": "https://registry.npmjs.org/@koromix/koffi-linux-loong64/-/koffi-linux-loong64-3.1.0.tgz",
      "integrity": "sha512-NOa0LdyltdESz3oeTqUH6MErHVoJOHoeXIsEp6xIMTUh4eKXEtlDQeoK6EYqo0DnBt83Xud95qLvi4Aw12pG4Q==",
      "cpu": [
        "loong64"
      ],
      "license": "MIT",
      "optional": true,
      "os": [
        "linux"
      ],
      "funding": {
        "url": "https://liberapay.com/Koromix"
      }
    },
    "node_modules/@koromix/koffi-linux-riscv64": {
      "version": "3.1.0",
      "resolved": "https://registry.npmjs.org/@koromix/koffi-linux-riscv64/-/koffi-linux-riscv64-3.1.0.tgz",
      "integrity": "sha512-Ye6kiXZCGxGtAIXSly6XuOP5tJZNYOZ2eVg33k1MilKrzimAy9Mpw4d6e9+Sfsc1jesgeNYs1sb5iaI8HS3ncA==",
      "cpu": [
        "riscv64"
      ],
      "license": "MIT",
      "optional": true,
      "os": [
        "linux"
      ],
      "funding": {
        "url": "https://liberapay.com/Koromix"
      }
    },
    "node_modules/@koromix/koffi-linux-x64": {
      "version": "3.1.0",
      "resolved": "https://registry.npmjs.org/@koromix/koffi-linux-x64/-/koffi-linux-x64-3.1.0.tgz",
      "integrity": "sha512-3yQTOkQrMna4VX+yeyfYImBjLlGrItMpsWyfaW1uSiz/A6GRydqdwYH7DWnp4Z+RSGYZpsewkf7byMc8pOOQKA==",
      "cpu": [
        "x64"
      ],
      "license": "MIT",
      "optional": true,
      "os": [
        "linux"
      ],
      "funding": {
        "url": "https://liberapay.com/Koromix"
      }
    },
    "node_modules/@koromix/koffi-openbsd-ia32": {
      "version": "3.1.0",
      "resolved": "https://registry.npmjs.org/@koromix/koffi-openbsd-ia32/-/koffi-openbsd-ia32-3.1.0.tgz",
      "integrity": "sha512-/cDoFHb9yx4+yoT3GUpnKnfi3W2drG+/Ewo0TTZaQHb4PsxnYYyT6V8+t4cL5XXbQcTTcOsZxpmBRrn0NBa3dA==",
      "cpu": [
        "ia32"
      ],
      "license": "MIT",
      "optional": true,
      "os": [
        "openbsd"
      ],
      "funding": {
        "url": "https://liberapay.com/Koromix"
      }
    },
    "node_modules/@koromix/koffi-openbsd-x64": {
      "version": "3.1.0",
      "resolved": "https://registry.npmjs.org/@koromix/koffi-openbsd-x64/-/koffi-openbsd-x64-3.1.0.tgz",
      "integrity": "sha512-CoQdqgnKvWgTXXZlUst8cBRQEov7QsxlTN2WAsu9wez01Xe6gEcH/zYePANualzzCbnaELfe5P0rA80QkoDuPA==",
      "cpu": [
        "x64"
      ],
      "license": "MIT",
      "optional": true,
      "os": [
        "openbsd"
      ],
      "funding": {
        "url": "https://liberapay.com/Koromix"
      }
    },
    "node_modules/@koromix/koffi-win32-ia32": {
      "version": "3.1.0",
      "resolved": "https://registry.npmjs.org/@koromix/koffi-win32-ia32/-/koffi-win32-ia32-3.1.0.tgz",
      "integrity": "sha512-WjrA+DEkpy0xEHu48+NSOboHhTnzkIfsFuq3d/WrSs+T9WflWRng3jC7mdJxmR4eHb6i6BqjW3k/U0mNUTjFPA==",
      "cpu": [
        "ia32"
      ],
      "license": "MIT",
      "optional": true,
      "os": [
        "win32"
      ],
      "funding": {
        "url": "https://liberapay.com/Koromix"
      }
    },
    "node_modules/@koromix/koffi-win32-x64": {
      "version": "3.1.0",
      "resolved": "https://registry.npmjs.org/@koromix/koffi-win32-x64/-/koffi-win32-x64-3.1.0.tgz",
      "integrity": "sha512-tnK5+IkzQBauQAQSzuyjso8OOIQRlaTZS39xIWpfqVYDLVDIuLDQk/WwHcOrR5yxlDrZq9ygiebBTOfcJFia7w==",
      "cpu": [
        "x64"
      ],
      "license": "MIT",
      "optional": true,
      "os": [
        "win32"
      ],
      "funding": {
        "url": "https://liberapay.com/Koromix"
      }
    },
    "node_modules/@types/fs-extra": {
      "version": "11.0.4",
      "resolved": "https://registry.npmjs.org/@types/fs-extra/-/fs-extra-11.0.4.tgz",
      "integrity": "sha512-yTbItCNreRooED33qjunPthRcSjERP1r4MqCZc7wv0u2sUkzTFp45tgUfS5+r7FrZPdmCCNflLhVSP/o+SemsQ==",
      "dev": true,
      "license": "MIT",
      "dependencies": {
        "@types/jsonfile": "*",
        "@types/node": "*"
      }
    },
    "node_modules/@types/jsonfile": {
      "version": "6.1.4",
      "resolved": "https://registry.npmjs.org/@types/jsonfile/-/jsonfile-6.1.4.tgz",
      "integrity": "sha512-D5qGUYwjvnNNextdU59/+fI+spnwtTFmyQP0h+PfIOSkNfpU6AOICUOkm4i0OnSk+NyjdPJrxCDro0sJsWlRpQ==",
      "dev": true,
      "license": "MIT",
      "dependencies": {
        "@types/node": "*"
      }
    },
    "node_modules/@types/node": {
      "version": "26.0.1",
      "resolved": "https://registry.npmjs.org/@types/node/-/node-26.0.1.tgz",
      "integrity": "sha512-fc3KiUoBt6kie0N9bIW3E47vZsuaMf0PM2AaUpLCLT0s/LvX1nxAim6Fc049cNxODPpGm6qRAuUOB86SkRuPQw==",
      "dev": true,
      "license": "MIT",
      "dependencies": {
        "undici-types": "~8.3.0"
      }
    },
    "node_modules/@types/sprintf-js": {
      "version": "1.1.4",
      "resolved": "https://registry.npmjs.org/@types/sprintf-js/-/sprintf-js-1.1.4.tgz",
      "integrity": "sha512-aWK1reDYWxcjgcIIPmQi3u+OQDuYa9b+lr6eIsGWrekJ9vr1NSjr4Eab8oQ1iKuH1ltFHpXGyerAv1a3FMKxzQ==",
      "dev": true,
      "license": "MIT"
    },
    "node_modules/@types/tmp": {
      "version": "0.2.6",
      "resolved": "https://registry.npmjs.org/@types/tmp/-/tmp-0.2.6.tgz",
      "integrity": "sha512-chhaNf2oKHlRkDGt+tiKE2Z5aJ6qalm7Z9rlLdBwmOiAAf09YQvvoLXjWK4HWPF1xU/fqvMgfNfpVoBscA/tKA==",
      "dev": true
    },
    "node_modules/commander": {
      "version": "15.0.0",
      "resolved": "https://registry.npmjs.org/commander/-/commander-15.0.0.tgz",
      "integrity": "sha512-z67u4ZhzCL/Tydu1lJARtEZYWbWaN7oYLHbsuzocr6y4N6WZAagG3RQ4FW61V1/0+jImpj293XfrcYnd1qxtPg==",
      "license": "MIT",
      "engines": {
        "node": ">=22.12.0"
      }
    },
    "node_modules/confbox": {
      "version": "0.2.4",
      "resolved": "https://registry.npmjs.org/confbox/-/confbox-0.2.4.tgz",
      "integrity": "sha512-ysOGlgTFbN2/Y6Cg3Iye8YKulHw+R2fNXHrgSmXISQdMnomY6eNDprVdW9R5xBguEqI954+S6709UyiO7B+6OQ==",
      "license": "MIT"
    },
    "node_modules/fs-extra": {
      "version": "11.3.6",
      "resolved": "https://registry.npmjs.org/fs-extra/-/fs-extra-11.3.6.tgz",
      "integrity": "sha512-w8ZNZr2mKIc7qeNaQ9AVPT1+iFaI+Avd4xudVOvdDJ8VytREi1Ft5Ih7hd9jjehod8vAM5GMsfQ/TpPf4EyoEA==",
      "license": "MIT",
      "dependencies": {
        "graceful-fs": "^4.2.0",
        "jsonfile": "^6.0.1",
        "universalify": "^2.0.0"
      },
      "engines": {
        "node": ">=14.14"
      }
    },
    "node_modules/graceful-fs": {
      "version": "4.2.11",
      "resolved": "https://registry.npmjs.org/graceful-fs/-/graceful-fs-4.2.11.tgz",
      "integrity": "sha512-RbJ5/jmFcNNCcDV5o9eTnBLJ/HszWV0P73bc+Ff4nS/rJj+YaS6IGyiOL0VoBYX+l1Wrl3k63h/KrH+nhJ0XvQ==",
      "license": "ISC"
    },
    "node_modules/jsonfile": {
      "version": "6.2.1",
      "resolved": "https://registry.npmjs.org/jsonfile/-/jsonfile-6.2.1.tgz",
      "integrity": "sha512-zwOTdL3rFQ/lRdBnntKVOX6k5cKJwEc1HdilT71BWEu7J41gXIB2MRp+vxduPSwZJPWBxEzv4yH1wYLJGUHX4Q==",
      "license": "MIT",
      "dependencies": {
        "universalify": "^2.0.0"
      },
      "optionalDependencies": {
        "graceful-fs": "^4.1.6"
      }
    },
    "node_modules/koffi": {
      "version": "3.1.0",
      "resolved": "https://registry.npmjs.org/koffi/-/koffi-3.1.0.tgz",
      "integrity": "sha512-0mCvdjTJBXioiaKNz0vajAEdWtfM5qyhVXSq+wQrrU3odzNvl/J7Cqna79QpNo9mfoKpQgGsyFFDRtDACCwGrQ==",
      "hasInstallScript": true,
      "license": "MIT",
      "funding": {
        "url": "https://liberapay.com/Koromix"
      },
      "optionalDependencies": {
        "@koromix/koffi-darwin-arm64": "3.1.0",
        "@koromix/koffi-darwin-x64": "3.1.0",
        "@koromix/koffi-freebsd-arm64": "3.1.0",
        "@koromix/koffi-freebsd-ia32": "3.1.0",
        "@koromix/koffi-freebsd-x64": "3.1.0",
        "@koromix/koffi-linux-arm64": "3.1.0",
        "@koromix/koffi-linux-ia32": "3.1.0",
        "@koromix/koffi-linux-loong64": "3.1.0",
        "@koromix/koffi-linux-riscv64": "3.1.0",
        "@koromix/koffi-linux-x64": "3.1.0",
        "@koromix/koffi-openbsd-ia32": "3.1.0",
        "@koromix/koffi-openbsd-x64": "3.1.0",
        "@koromix/koffi-win32-ia32": "3.1.0",
        "@koromix/koffi-win32-x64": "3.1.0"
      }
    },
    "node_modules/sprintf-js": {
      "version": "1.1.3",
      "resolved": "https://registry.npmjs.org/sprintf-js/-/sprintf-js-1.1.3.tgz",
      "integrity": "sha512-Oo+0REFV59/rz3gfJNKQiBlwfHaSESl1pcGyABQsnnIfWOFt6JNj5gCog2U6MLZ//IGYD+nA8nI+mTShREReaA==",
      "license": "BSD-3-Clause"
    },
    "node_modules/tmp": {
      "version": "0.2.7",
      "resolved": "https://registry.npmjs.org/tmp/-/tmp-0.2.7.tgz",
      "integrity": "sha512-e0votIpp4Uo2AJYSzVHV6xCcawuiez3DzqDAbrTc3YxBkplN6e+dM13ZeIcZnDg/QpSuU2zfZ3rzwY8ukEnaXw==",
      "engines": {
        "node": ">=14.14"
      }
    },
    "node_modules/typescript": {
      "version": "6.0.3",
      "resolved": "https://registry.npmjs.org/typescript/-/typescript-6.0.3.tgz",
      "integrity": "sha512-y2TvuxSZPDyQakkFRPZHKFm+KKVqIisdg9/CZwm9ftvKXLP8NRWj38/ODjNbr43SsoXqNuAisEf1GdCxqWcdBw==",
      "dev": true,
      "license": "Apache-2.0",
      "bin": {
        "tsc": "bin/tsc",
        "tsserver": "bin/tsserver"
      },
      "engines": {
        "node": ">=14.17"
      }
    },
    "node_modules/undici-types": {
      "version": "8.3.0",
      "resolved": "https://registry.npmjs.org/undici-types/-/undici-types-8.3.0.tgz",
      "integrity": "sha512-j375ScV60dom+YkPFIfTLcOiPxkN/buHz5GobjLhixFuANaNs3C9l4GmrWqejgXWJ7BbJcFYpTEUkS1Ge8bpZQ==",
      "dev": true,
      "license": "MIT"
    },
    "node_modules/universalify": {
      "version": "2.0.1",
      "resolved": "https://registry.npmjs.org/universalify/-/universalify-2.0.1.tgz",
      "integrity": "sha512-gptHNQghINnc/vTGIk0SOFGFNXw7JVrlRUtConJRlvaw6DuX0wO5Jeko9sWrMBhh+PsYAZ7oXAiOnf/UKogyiw==",
      "license": "MIT",
      "engines": {
        "node": ">= 10.0.0"
      }
    },
    "node_modules/yurandom": {
      "version": "1.0.0",
      "resolved": "https://registry.npmjs.org/yurandom/-/yurandom-1.0.0.tgz",
      "integrity": "sha512-LxiLX54UaX8LAo5AtL99PtoWGO9Y6JovBzkiDWqqYHBxTuIB/E0joI2fO/+I5lCsqdo+8J8NMu5s33GiKwJ0ew=="
    },
    "node_modules/zod": {
      "version": "4.4.3",
      "resolved": "https://registry.npmjs.org/zod/-/zod-4.4.3.tgz",
      "integrity": "sha512-ytENFjIJFl2UwYglde2jchW2Hwm4GJFLDiSXWdTrJQBIN9Fcyp7n4DhxJEiWNAJMV1/BqWfW/kkg71UDcHJyTQ==",
      "license": "MIT",
      "funding": {
        "url": "https://github.com/sponsors/colinhacks"
      }
    }
  }
}
